
Microsoft Visual Studio Solution File, Format Version 12.00
# Visual Studio Version 16
VisualStudioVersion = 16.0.30011.22
MinimumVisualStudioVersion = 10.0.40219.1
Project("{FAE04EC0-301F-11D3-BF4B-00C04F79EFBC}") = "bootstrap grid exerciseTEST", "bootstrap grid exerciseTEST\bootstrap grid exerciseTEST.csproj", "{0FB908F2-E082-455A-B081-D62E03652955}"
EndProject
Global
	GlobalSection(SolutionConfigurationPlatforms) = preSolution
		Debug|Any CPU = Debug|Any CPU
		Release|Any CPU = Release|Any CPU
	EndGlobalSection
	GlobalSection(ProjectConfigurationPlatforms) = postSolution
		{0FB908F2-E082-455A-B081-D62E03652955}.Debug|Any CPU.ActiveCfg = Debug|Any CPU
		{0FB908F2-E082-455A-B081-D62E03652955}.Debug|Any CPU.Build.0 = Debug|Any CPU
		{0FB908F2-E082-455A-B081-D62E03652955}.Release|Any CPU.ActiveCfg = Release|Any CPU
		{0FB908F2-E082-455A-B081-D62E03652955}.Release|Any CPU.Build.0 = Release|Any CPU
	EndGlobalSection
	GlobalSection(SolutionProperties) = preSolution
		HideSolutionNode = FALSE
	EndGlobalSection
	GlobalSection(ExtensibilityGlobals) = postSolution
		SolutionGuid = {F0DB7AB3-F02C-4D86-B2FC-CD332613933C}
	EndGlobalSection
EndGlobal
